{
    "_meta": {
        "hash": {
            "sha256": "0610db17f73e291fdf6275fa608ba19d2dee35651cf5156c02513f7b495f9ca2"
        },
        "pipfile-spec": 6,
        "requires": {},
        "sources": [
            {
                "name": "pypi",
                "url": "https://pypi.org/simple",
                "verify_ssl": true
            }
        ]
    },
    "default": {
        "certifi": {
            "hashes": [
                "sha256:2bbf76fd432960138b3ef6dda3dde0544f27cbf8546c458e60baf371917ba9ee",
                "sha256:50b1e4f8446b06f41be7dd6338db18e0990601dce795c2b1686458aa7e8fa7d8"
            ],
            "version": "==2021.5.30"
        },
        "chardet": {
            "hashes": [
                "sha256:0d6f53a15db4120f2b08c94f11e7d93d2c911ee118b6b30a04ec3ee8310179fa",
                "sha256:f864054d66fd9118f2e67044ac8981a54775ec5b67aed0441892edb553d21da5"
            ],
            "markers": "python_version >= '2.7' and python_version not in '3.0, 3.1, 3.2, 3.3, 3.4'",
            "version": "==4.0.0"
        },
        "click": {
            "hashes": [
                "sha256:8c04c11192119b1ef78ea049e0a6f0463e4c48ef00a30160c704337586f3ad7a",
                "sha256:fba402a4a47334742d782209a7c79bc448911afe1149d07bdabdf480b3e2f4b6"
            ],
            "index": "pypi",
            "version": "==8.0.1"
        },
        "exam-terminal": {
            "editable": false,
            "path": ".",
            "version": "==0.2.6"
        },
        "fpdf2": {
            "hashes": [
                "sha256:e20a318ec214ef9620ec90a3eb6a5c6ac5acf7bacf4ee495699de9cb7d0d12d7",
                "sha256:f95a714989ed6deddd26bed4692ec1befaf7c70a875724057c2ba19f9101bccb"
            ],
            "index": "pypi",
            "version": "==2.4.5"
        },
        "idna": {
            "hashes": [
                "sha256:b307872f855b18632ce0c21c5e45be78c0ea7ae4c15c828c20788b26921eb3f6",
                "sha256:b97d804b1e9b523befed77c48dacec60e6dcb0b5391d57af6a65a312a90648c0"
            ],
            "markers": "python_version >= '2.7' and python_version not in '3.0, 3.1, 3.2, 3.3'",
            "version": "==2.10"
        },
        "pillow": {
            "hashes": [
                "sha256:0412516dcc9de9b0a1e0ae25a280015809de8270f134cc2c1e32c4eeb397cf30",
                "sha256:04835e68ef12904bc3e1fd002b33eea0779320d4346082bd5b24bec12ad9c3e9",
                "sha256:06d1adaa284696785375fa80a6a8eb309be722cf4ef8949518beb34487a3df71",
                "sha256:085a90a99404b859a4b6c3daa42afde17cb3ad3115e44a75f0d7b4a32f06a6c9",
                "sha256:0b9911ec70731711c3b6ebcde26caea620cbdd9dcb73c67b0730c8817f24711b",
                "sha256:10e00f7336780ca7d3653cf3ac26f068fa11b5a96894ea29a64d3dc4b810d630",
                "sha256:11c27e74bab423eb3c9232d97553111cc0be81b74b47165f07ebfdd29d825875",
                "sha256:11eb7f98165d56042545c9e6db3ce394ed8b45089a67124298f0473b29cb60b2",
                "sha256:13654b521fb98abdecec105ea3fb5ba863d1548c9b58831dd5105bb3873569f1",
                "sha256:15ccb81a6ffc57ea0137f9f3ac2737ffa1d11f786244d719639df17476d399a7",
                "sha256:18a07a683805d32826c09acfce44a90bf474e6a66ce482b1c7fcd3757d588df3",
                "sha256:19ec4cfe4b961edc249b0e04b5618666c23a83bc35842dea2bfd5dfa0157f81b",
                "sha256:1c3ff00110835bdda2b1e2b07f4a2548a39744bb7de5946dc8e95517c4fb2ca6",
                "sha256:27a330bf7014ee034046db43ccbb05c766aa9e70b8d6c5260bfc38d73103b0ba",
                "sha256:2b11c9d310a3522b0fd3c35667914271f570576a0e387701f370eb39d45f08a4",
                "sha256:2c661542c6f71dfd9dc82d9d29a8386287e82813b0375b3a02983feac69ef864",
                "sha256:2cde7a4d3687f21cffdf5bb171172070bb95e02af448c4c8b2f223d783214056",
                "sha256:2d5e9dc0bf1b5d9048a94c48d0813b6c96fccfa4ccf276d9c36308840f40c228",
                "sha256:2f23b2d3079522fdf3c09de6517f625f7a964f916c956527bed805ac043799b8",
                "sha256:35d27687f027ad25a8d0ef45dd5208ef044c588003cdcedf05afb00dbc5c2deb",
                "sha256:35d409030bf3bd05fa66fb5fdedc39c521b397f61ad04309c90444e893d05f7d",
                "sha256:4326ea1e2722f3dc00ed77c36d3b5354b8fb7399fb59230249ea6d59cbed90da",
                "sha256:4abc247b31a98f29e5224f2d31ef15f86a71f79c7f4d2ac345a5d551d6393073",
                "sha256:4d89a2e9219a526401015153c0e9dd48319ea6ab9fe3b066a20aa9aee23d9fd3",
                "sha256:4e59e99fd680e2b8b11bbd463f3c9450ab799305d5f2bafb74fefba6ac058616",
                "sha256:548794f99ff52a73a156771a0402f5e1c35285bd981046a502d7e4793e8facaa",
                "sha256:56fd98c8294f57636084f4b076b75f86c57b2a63a8410c0cd172bc93695ee979",
                "sha256:59697568a0455764a094585b2551fd76bfd6b959c9f92d4bdec9d0e14616303a",
                "sha256:6bff50ba9891be0a004ef48828e012babaaf7da204d81ab9be37480b9020a82b",
                "sha256:6cb3dd7f23b044b0737317f892d399f9e2f0b3a02b22b2c692851fb8120d82c6",
                "sha256:7dbfbc0020aa1d9bc1b0b8bcf255a7d73f4ad0336f8fd2533fcc54a4ccfb9441",
                "sha256:838eb85de6d9307c19c655c726f8d13b8b646f144ca6b3771fa62b711ebf7624",
                "sha256:8b68f565a4175e12e68ca900af8910e8fe48aaa48fd3ca853494f384e11c8bcd",
                "sha256:8f284dc1695caf71a74f24993b7c7473d77bc760be45f776a2c2f4e04c170550",
                "sha256:963ebdc5365d748185fdb06daf2ac758116deecb2277ec5ae98139f93844bc09",
                "sha256:a048dad5ed6ad1fad338c02c609b862dfaa921fcd065d747194a6805f91f2196",
                "sha256:a1bd983c565f92779be456ece2479840ec39d386007cd4ae83382646293d681b",
                "sha256:a66566f8a22561fc1a88dc87606c69b84fa9ce724f99522cf922c801ec68f5c1",
                "sha256:bcb04ff12e79b28be6c9988f275e7ab69f01cc2ba319fb3114f87817bb7c74b6",
                "sha256:bd24054aaf21e70a51e2a2a5ed1183560d3a69e6f9594a4bfe360a46f94eba83",
                "sha256:be25cb93442c6d2f8702c599b51184bd3ccd83adebd08886b682173e09ef0c3f",
                "sha256:c691b26283c3a31594683217d746f1dad59a7ae1d4cfc24626d7a064a11197d4",
                "sha256:cc9d0dec711c914ed500f1d0d3822868760954dce98dfb0b7382a854aee55d19",
                "sha256:ce2e5e04bb86da6187f96d7bab3f93a7877830981b37f0287dd6479e27a10341",
                "sha256:ce651ca46d0202c302a535d3047c55a0131a720cf554a578fc1b8a2aff0e7d96",
                "sha256:d0c8ebbfd439c37624db98f3877d9ed12c137cadd99dde2d2eae0dab0bbfc355",
                "sha256:d675a876b295afa114ca8bf42d7f86b5fb1298e1b6bb9a24405a3f6c8338811c",
                "sha256:dde3f3ed8d00c72631bc19cbfff8ad3b6215062a5eed402381ad365f82f0c18c",
                "sha256:e5a31c07cea5edbaeb4bdba6f2b87db7d3dc0f446f379d907e51cc70ea375629",
                "sha256:f514c2717012859ccb349c97862568fdc0479aad85b0270d6b5a6509dbc142e2",
                "sha256:fc0db32f7223b094964e71729c0361f93db43664dd1ec86d3df217853cedda87",
                "sha256:fd4fd83aa912d7b89b4b4a1580d30e2a4242f3936882a3f433586e5ab97ed0d5",
                "sha256:feb5db446e96bfecfec078b943cc07744cc759893cef045aa8b8b6d6aaa8274e"
            ],
            "markers": "python_version >= '3.6'",
            "version": "==8.3.2"
        },
        "pyyaml": {
            "hashes": [
                "sha256:08682f6b72c722394747bddaf0aa62277e02557c0fd1c42cb853016a38f8dedf",
                "sha256:0f5f5786c0e09baddcd8b4b45f20a7b5d61a7e7e99846e3c799b05c7c53fa696",
                "sha256:129def1b7c1bf22faffd67b8f3724645203b79d8f4cc81f674654d9902cb4393",
                "sha256:294db365efa064d00b8d1ef65d8ea2c3426ac366c0c4368d930bf1c5fb497f77",
                "sha256:3b2b1824fe7112845700f815ff6a489360226a5609b96ec2190a45e62a9fc922",
                "sha256:3bd0e463264cf257d1ffd2e40223b197271046d09dadf73a0fe82b9c1fc385a5",
                "sha256:4465124ef1b18d9ace298060f4eccc64b0850899ac4ac53294547536533800c8",
                "sha256:49d4cdd9065b9b6e206d0595fee27a96b5dd22618e7520c33204a4a3239d5b10",
                "sha256:4e0583d24c881e14342eaf4ec5fbc97f934b999a6828693a99157fde912540cc",
                "sha256:5accb17103e43963b80e6f837831f38d314a0495500067cb25afab2e8d7a4018",
                "sha256:607774cbba28732bfa802b54baa7484215f530991055bb562efbed5b2f20a45e",
                "sha256:6c78645d400265a062508ae399b60b8c167bf003db364ecb26dcab2bda048253",
                "sha256:72a01f726a9c7851ca9bfad6fd09ca4e090a023c00945ea05ba1638c09dc3347",
                "sha256:74c1485f7707cf707a7aef42ef6322b8f97921bd89be2ab6317fd782c2d53183",
                "sha256:895f61ef02e8fed38159bb70f7e100e00f471eae2bc838cd0f4ebb21e28f8541",
                "sha256:8c1be557ee92a20f184922c7b6424e8ab6691788e6d86137c5d93c1a6ec1b8fb",
                "sha256:bb4191dfc9306777bc594117aee052446b3fa88737cd13b7188d0e7aa8162185",
                "sha256:bfb51918d4ff3d77c1c856a9699f8492c612cde32fd3bcd344af9be34999bfdc",
                "sha256:c20cfa2d49991c8b4147af39859b167664f2ad4561704ee74c1de03318e898db",
                "sha256:cb333c16912324fd5f769fff6bc5de372e9e7a202247b48870bc251ed40239aa",
                "sha256:d2d9808ea7b4af864f35ea216be506ecec180628aced0704e34aca0b040ffe46",
                "sha256:d483ad4e639292c90170eb6f7783ad19490e7a8defb3e46f97dfe4bacae89122",
                "sha256:dd5de0646207f053eb0d6c74ae45ba98c3395a571a2891858e87df7c9b9bd51b",
                "sha256:e1d4970ea66be07ae37a3c2e48b5ec63f7ba6804bdddfdbd3cfd954d25a82e63",
                "sha256:e4fac90784481d221a8e4b1162afa7c47ed953be40d31ab4629ae917510051df",
                "sha256:fa5ae20527d8e831e8230cbffd9f8fe952815b2b7dae6ffec25318803a7528fc",
                "sha256:fd7f6999a8070df521b6384004ef42833b9bd62cfee11a09bda1079b4b704247",
                "sha256:fdc842473cd33f45ff6bce46aea678a54e3d21f1b61a7750ce3c498eedfe25d6",
                "sha256:fe69978f3f768926cfa37b867e3843918e012cf83f680806599ddce33c2c68b0"
            ],
            "index": "pypi",
            "version": "==5.4.1"
        },
        "requests": {
            "hashes": [
                "sha256:27973dd4a904a4f13b263a19c866c13b92a39ed1c964655f025f3f8d3d75b804",
                "sha256:c210084e36a42ae6b9219e00e48287def368a26d03a048ddad7bfee44f75871e"
            ],
            "index": "pypi",
            "version": "==2.25.1"
        },
        "sanitized-package": {
            "path": ".",
            "version": "==0.0.1"
        },
        "urllib3": {
            "hashes": [
                "sha256:4987c65554f7a2dbf30c18fd48778ef124af6fab771a377103da0585e2336ece",
                "sha256:c4fdf4019605b6e5423637e01bc9fe4daef873709a7973e195ceba0a62bbc844"
            ],
            "markers": "python_version >= '2.7' and python_version not in '3.0, 3.1, 3.2, 3.3, 3.4' and python_version < '4'",
            "version": "==1.26.7"
        },
        "windows-curses": {
            "platform_system": "== 'Windows'",
            "version": "==*"
        }
    },
    "develop": {
        "bleach": {
            "hashes": [
                "sha256:0900d8b37eba61a802ee40ac0061f8c2b5dee29c1927dd1d233e075ebf5a71da",
                "sha256:4d2651ab93271d1129ac9cbc679f524565cc8a1b791909c4a51eac4446a15994"
            ],
            "markers": "python_version >= '3.6'",
            "version": "==4.1.0"
        },
        "bump2version": {
            "hashes": [
                "sha256:37f927ea17cde7ae2d7baf832f8e80ce3777624554a653006c9144f8017fe410",
                "sha256:762cb2bfad61f4ec8e2bdf452c7c267416f8c70dd9ecb1653fd0bbb01fa936e6"
            ],
            "index": "pypi",
            "version": "==1.0.1"
        },
        "certifi": {
            "hashes": [
                "sha256:2bbf76fd432960138b3ef6dda3dde0544f27cbf8546c458e60baf371917ba9ee",
                "sha256:50b1e4f8446b06f41be7dd6338db18e0990601dce795c2b1686458aa7e8fa7d8"
            ],
            "version": "==2021.5.30"
        },
        "cffi": {
            "hashes": [
                "sha256:016ba30a6c3e93e48fd57b1a8624516aeba61f85ed1d5c31d9dd34f77fdff4f6",
                "sha256:0e4d1c32812d5885956ba1489052ecd86a8cdde2f334568343e8bc646c7e2cb4",
                "sha256:104516acf2608c22b5d44a58e0819da275c21e1751df69bd077a70fc8f016e18",
                "sha256:1edddb00facd25f2fb0cc2f271b3a795cbbe804b36319ace01d15fb962309293",
                "sha256:23feec3ff73fd47d9bf3fed96e5debb32727c67c9dcbfea67e172f8fac4500e6",
                "sha256:28036db6711fcc83d154e3022270508bcfe20a4839e79b8f9f0776555512f2a4",
                "sha256:2941c0ae3161b185b116eb939386c9c1dc8d4294ea0a3886c7248c50c23defe8",
                "sha256:2bcca3d8cbaf4e3250f5c4916bf32e2da8ce3fd8163303ce41d9b703df38d31e",
                "sha256:3d804d22084ba6cee9922cab3b0f665021be93efe40d528c6c32a73caae587eb",
                "sha256:3e11347d5d19bd13359587270f2b4580fc3a6761fedb7d4a81ffac2e68c66b6c",
                "sha256:415529aaf4d9b4c00b3a75fb30f82cafbb4487f96b3c7fbf424cebc978c96a32",
                "sha256:42e4cb8e0705f7757816bfa6a771db1c5933f69cbab0d96a1a5a2d955237086e",
                "sha256:577c7c7a5f7065ec9bf33b9ca2de96d8f579e39fff3bc94a9acd018c0db7dac1",
                "sha256:66dee5853862e63d521354f7034714ad1c925e025641a4a19548e32580790a47",
                "sha256:6a78361a30688afc1c79f09cee629dc5f6d627f7fbd43ab9a37b239e7609940f",
                "sha256:6de0c4a6e53877696115221aefbea22eb9d31a4b2fc0756c7e4c970668376a60",
                "sha256:6e1db0b63067f1a96f1b92fc8149aa20327a11d18ab3e3ad23be2d8aeb3a6bbb",
                "sha256:71e842ed506fd588a427cbc127dc91d0727468f73d581fed02955256cd4bbdbb",
                "sha256:720985a41a7be5ca5d17fa9196b4965c226b85f6c57e7b2f6c6debed657faa23",
                "sha256:7623bbfc421d26698cc9dc4b8907ca6a149c7547d5c94ac6f55b1685e9f187b1",
                "sha256:78f691b8c882d65162062bb10a69423f9d3005b3c8ec9977c60e14fe0036525f",
                "sha256:8a2b1001ece83aabd818d334659a97cf3c0158501442f20fee7305c8ac3059cb",
                "sha256:8c16099cb2d5a61b9ac4aa77de25a6376bb96c8f94ea96e2c69e625cd222e7ae",
                "sha256:94261a9a318c6620b1e079f2ce15ff13c90305e880eaba1f9450e47ac4ea8b4a",
                "sha256:9660de460a5cae80b896e560dcdbf4a4f1d055a88512207d582a361f47eb0dca",
                "sha256:966df3527b71319f28fc6a723b727d5d6abc3298dff56262b20cc4236c26cb8f",
                "sha256:98b299690d7a0c544bf0f211eabe426ad57751c657139aa4d3333d357c43f638",
                "sha256:9c2e5e75c7c3d65131a366e0ae460542a1ace97ae93cc0f283f9efff1a97ebfa",
                "sha256:afc696d8e7f3db5cbd32ae13ba53848aa6eec0a85d19ada7363443a27505c651",
                "sha256:b6cf0921851b21ee5337e48a487e21a52d629453b42c85a6225776d9300c39ef",
                "sha256:b8f4891d4f4772bab7d39f748ffcce39be83dac3bdf93d4e40bbd9e2ce1eb5c4",
                "sha256:b96741e5ab3290aae9712e708362d4843e77d8a2418a3af3c08dda14d9691bab",
                "sha256:c248be3c030cf7e0d035479b3d8d7ce4e4107959551196413897876c90c77d85",
                "sha256:c4a469421402b50e48cc2ffa05229cbdd7dc0164ce2d31eae6b2ac8195ef9634",
                "sha256:c5c8578e7fe6aca1dd2a1335ca977efce8bf2d38bc54568f120b912d7ab8d9c7",
                "sha256:c7ed3d86d61284d5c0910c8c0988a645cf6723fa2deabe1b149112b2ebe0547e",
                "sha256:ccec0368227d02c2ae5dc0881d8075bfa8fa87232f027d375a795d8a0f70c73a",
                "sha256:d475cef45640f69ee779720c2fecfcef7cf2a869a0e7e7297ec7854db6cb6a04",
                "sha256:d6491e6e623abb27d20f42e37011d28380792ffbba3657bc9fef464c8b5ca1cb",
                "sha256:d6f8782c19a0b12b4c5d9cefe1b2ca1636591531c7f20c4ae4d7c5b4077d3af5",
                "sha256:d89fcd91a1e0da07b35fbe09f0e10fff880e9ca5f76478f6bbfab10c9c9ef6f2",
                "sha256:e0874c097458ce6933cdb1918f2e601e48772d10b8aff478f02d949c757aed97",
                "sha256:e185aa34d2ab08e0fe1f6bd60aa6950bfcb84059e7debb8bcfb4f1818eafd6e3",
                "sha256:e29accdb21f2186b80b60b07af29d752666fe7bbf057e08c54741740877909b2",
                "sha256:e34d93929b4cf93e736be64c0c926af6bf90f0887de0253de233509665d36c9c",
                "sha256:e42f7138056b2428cd6197351940ef36d214b8923dbb496af73ac717552cdfec",
                "sha256:e4bb67bdef349768f3e662b63d3fc6a939e9e425326acebe4c0c1b48b6f38267",
                "sha256:f3765dc391a99564c9b0e6030398a68d5f862e48b96e37fa66ba8101790642e8",
                "sha256:f909436b96a032aed0a8529464910ae7665b5826b35801a03d9012dde3fcc9cb",
                "sha256:fb2efcf7e942cf58c221adf0b39e8d55d252d2962ed7e8c511f3eec57a903f56"
            ],
            "version": "==1.15.0rc1"
        },
        "charset-normalizer": {
            "hashes": [
                "sha256:5d209c0a931f215cee683b6445e2d77677e7e75e159f78def0db09d68fafcaa6",
                "sha256:5ec46d183433dcbd0ab716f2d7f29d8dee50505b3fdb40c6b985c7c4f5a3591f"
            ],
            "markers": "python_version >= '3'",
            "version": "==2.0.6"
        },
        "colorama": {
            "hashes": [
                "sha256:5941b2b48a20143d2267e95b1c2a7603ce057ee39fd88e7329b0c292aa16869b",
                "sha256:9f47eda37229f68eee03b24b9748937c7dc3868f906e8ba69fbcbdd3bc5dc3e2"
            ],
            "markers": "python_version >= '2.7' and python_version not in '3.0, 3.1, 3.2, 3.3, 3.4'",
            "version": "==0.4.4"
        },
        "cryptography": {
            "hashes": [
                "sha256:07bb7fbfb5de0980590ddfc7f13081520def06dc9ed214000ad4372fb4e3c7f6",
                "sha256:18d90f4711bf63e2fb21e8c8e51ed8189438e6b35a6d996201ebd98a26abbbe6",
                "sha256:1ed82abf16df40a60942a8c211251ae72858b25b7421ce2497c2eb7a1cee817c",
                "sha256:22a38e96118a4ce3b97509443feace1d1011d0571fae81fc3ad35f25ba3ea999",
                "sha256:2d69645f535f4b2c722cfb07a8eab916265545b3475fdb34e0be2f4ee8b0b15e",
                "sha256:4a2d0e0acc20ede0f06ef7aa58546eee96d2592c00f450c9acb89c5879b61992",
                "sha256:54b2605e5475944e2213258e0ab8696f4f357a31371e538ef21e8d61c843c28d",
                "sha256:7075b304cd567694dc692ffc9747f3e9cb393cc4aa4fb7b9f3abd6f5c4e43588",
                "sha256:7b7ceeff114c31f285528ba8b390d3e9cfa2da17b56f11d366769a807f17cbaa",
                "sha256:7eba2cebca600a7806b893cb1d541a6e910afa87e97acf2021a22b32da1df52d",
                "sha256:928185a6d1ccdb816e883f56ebe92e975a262d31cc536429041921f8cb5a62fd",
                "sha256:9933f28f70d0517686bd7de36166dda42094eac49415459d9bdf5e7df3e0086d",
                "sha256:a688ebcd08250eab5bb5bca318cc05a8c66de5e4171a65ca51db6bd753ff8953",
                "sha256:abb5a361d2585bb95012a19ed9b2c8f412c5d723a9836418fab7aaa0243e67d2",
                "sha256:c10c797ac89c746e488d2ee92bd4abd593615694ee17b2500578b63cad6b93a8",
                "sha256:ced40344e811d6abba00295ced98c01aecf0c2de39481792d87af4fa58b7b4d6",
                "sha256:d57e0cdc1b44b6cdf8af1d01807db06886f10177469312fbde8f44ccbb284bc9",
                "sha256:d99915d6ab265c22873f1b4d6ea5ef462ef797b4140be4c9d8b179915e0985c6",
                "sha256:eb80e8a1f91e4b7ef8b33041591e6d89b2b8e122d787e87eeb2b08da71bb16ad",
                "sha256:ebeddd119f526bcf323a89f853afb12e225902a24d29b55fe18dd6fcb2838a76"
            ],
            "markers": "python_version >= '3.6'",
            "version": "==35.0.0"
        },
        "docutils": {
            "hashes": [
                "sha256:686577d2e4c32380bb50cbb22f575ed742d58168cee37e99117a854bcd88f125",
                "sha256:cf316c8370a737a022b72b56874f6602acf974a37a9fba42ec2876387549fc61"
            ],
            "markers": "python_version >= '2.7' and python_version not in '3.0, 3.1, 3.2, 3.3, 3.4'",
            "version": "==0.17.1"
        },
        "exam-terminal": {
            "editable": false,
            "path": ".",
            "version": "==0.2.6"
        },
        "idna": {
            "hashes": [
                "sha256:b307872f855b18632ce0c21c5e45be78c0ea7ae4c15c828c20788b26921eb3f6",
                "sha256:b97d804b1e9b523befed77c48dacec60e6dcb0b5391d57af6a65a312a90648c0"
            ],
            "markers": "python_version >= '2.7' and python_version not in '3.0, 3.1, 3.2, 3.3'",
            "version": "==2.10"
        },
        "importlib-metadata": {
            "hashes": [
                "sha256:b618b6d2d5ffa2f16add5697cf57a46c76a56229b0ed1c438322e4e95645bd15",
                "sha256:f284b3e11256ad1e5d03ab86bb2ccd6f5339688ff17a4d797a0fe7df326f23b1"
            ],
            "markers": "python_version >= '3.6'",
            "version": "==4.8.1"
        },
        "jeepney": {
            "hashes": [
                "sha256:1b5a0ea5c0e7b166b2f5895b91a08c14de8915afda4407fb5022a195224958ac",
                "sha256:fa9e232dfa0c498bd0b8a3a73b8d8a31978304dcef0515adc859d4e096f96f4f"
            ],
            "markers": "sys_platform == 'linux'",
            "version": "==0.7.1"
        },
        "keyring": {
            "hashes": [
                "sha256:6334aee6073db2fb1f30892697b1730105b5e9a77ce7e61fca6b435225493efe",
                "sha256:bd2145a237ed70c8ce72978b497619ddfcae640b6dcf494402d5143e37755c6e"
            ],
            "markers": "python_version >= '3.6'",
            "version": "==23.2.1"
        },
        "packaging": {
            "hashes": [
                "sha256:7dc96269f53a4ccec5c0670940a4281106dd0bb343f47b7471f779df49c2fbe7",
                "sha256:c86254f9220d55e31cc94d69bade760f0847da8000def4dfe1c6b872fd14ff14"
            ],
            "markers": "python_version >= '3.6'",
            "version": "==21.0"
        },
        "pkginfo": {
            "hashes": [
                "sha256:37ecd857b47e5f55949c41ed061eb51a0bee97a87c969219d144c0e023982779",
                "sha256:e7432f81d08adec7297633191bbf0bd47faf13cd8724c3a13250e51d542635bd"
            ],
            "version": "==1.7.1"
        },
        "pycparser": {
            "hashes": [
                "sha256:2d475327684562c3a96cc71adf7dc8c4f0565175cf86b6d7a404ff4c771f15f0",
                "sha256:7582ad22678f0fcd81102833f60ef8d0e57288b6b5fb00323d101be910e35705"
            ],
            "markers": "python_version >= '2.7' and python_version not in '3.0, 3.1, 3.2, 3.3'",
            "version": "==2.20"
        },
        "pygments": {
            "hashes": [
                "sha256:b8e67fe6af78f492b3c4b3e2970c0624cbf08beb1e493b2c99b9fa1b67a20380",
                "sha256:f398865f7eb6874156579fdf36bc840a03cab64d1cde9e93d68f46a425ec52c6"
            ],
            "markers": "python_version >= '3.5'",
            "version": "==2.10.0"
        },
        "pyparsing": {
            "hashes": [
                "sha256:10fb0827f908440eda768ec659627c3ac5dc20a25b4adaf50e7e10b248c17a4f",
                "sha256:f72f2294ef53f917d984093e8ac8ed5818837516132e68c67b7fdd5350c8dabf"
            ],
            "markers": "python_version >= '3.6'",
            "version": "==3.0.0rc2"
        },
        "readme-renderer": {
            "hashes": [
                "sha256:3286806450d9961d6e3b5f8a59f77e61503799aca5155c8d8d40359b4e1e1adc",
                "sha256:8299700d7a910c304072a7601eafada6712a5b011a20139417e1b1e9f04645d8"
            ],
            "version": "==30.0"
        },
        "requests": {
            "hashes": [
                "sha256:27973dd4a904a4f13b263a19c866c13b92a39ed1c964655f025f3f8d3d75b804",
                "sha256:c210084e36a42ae6b9219e00e48287def368a26d03a048ddad7bfee44f75871e"
            ],
            "index": "pypi",
            "version": "==2.25.1"
        },
        "requests-toolbelt": {
            "hashes": [
                "sha256:380606e1d10dc85c3bd47bf5a6095f815ec007be7a8b69c878507068df059e6f",
                "sha256:968089d4584ad4ad7c171454f0a5c6dac23971e9472521ea3b6d49d610aa6fc0"
            ],
            "version": "==0.9.1"
        },
        "rfc3986": {
            "hashes": [
                "sha256:270aaf10d87d0d4e095063c65bf3ddbc6ee3d0b226328ce21e036f946e421835",
                "sha256:a86d6e1f5b1dc238b218b012df0aa79409667bb209e58da56d0b94704e712a97"
            ],
            "version": "==1.5.0"
        },
        "sanitized-package": {
            "path": ".",
            "version": "==0.0.1"
        },
        "secretstorage": {
            "hashes": [
                "sha256:422d82c36172d88d6a0ed5afdec956514b189ddbfb72fefab0c8a1cee4eaf71f",
                "sha256:fd666c51a6bf200643495a04abb261f83229dcb6fd8472ec393df7ffc8b6f195"
            ],
            "markers": "sys_platform == 'linux'",
            "version": "==3.3.1"
        },
        "six": {
            "hashes": [
                "sha256:1e61c37477a1626458e36f7b1d82aa5c9b094fa4802892072e49de9c60c4c926",
                "sha256:8abb2f1d86890a2dfb989f9a77cfcfd3e47c2a354b01111771326f8aa26e0254"
            ],
            "markers": "python_version >= '2.7' and python_version not in '3.0, 3.1, 3.2, 3.3'",
            "version": "==1.16.0"
        },
        "tqdm": {
            "hashes": [
                "sha256:8dd278a422499cd6b727e6ae4061c40b48fce8b76d1ccbf5d34fca9b7f925b0c",
                "sha256:d359de7217506c9851b7869f3708d8ee53ed70a1b8edbba4dbcb47442592920d"
            ],
            "markers": "python_version >= '2.7' and python_version not in '3.0, 3.1, 3.2, 3.3'",
            "version": "==4.62.3"
        },
        "twine": {
            "hashes": [
                "sha256:16f706f2f1687d7ce30e7effceee40ed0a09b7c33b9abb5ef6434e5551565d83",
                "sha256:a56c985264b991dc8a8f4234eb80c5af87fa8080d0c224ad8f2cd05a2c22e83b"
            ],
            "index": "pypi",
            "version": "==3.4.1"
        },
        "urllib3": {
            "hashes": [
                "sha256:4987c65554f7a2dbf30c18fd48778ef124af6fab771a377103da0585e2336ece",
                "sha256:c4fdf4019605b6e5423637e01bc9fe4daef873709a7973e195ceba0a62bbc844"
            ],
            "markers": "python_version >= '2.7' and python_version not in '3.0, 3.1, 3.2, 3.3, 3.4' and python_version < '4'",
            "version": "==1.26.7"
        },
        "webencodings": {
            "hashes": [
                "sha256:a0af1213f3c2226497a97e2b3aa01a7e4bee4f403f95be16fc9acd2947514a78",
                "sha256:b36a1c245f2d304965eb4e0a82848379241dc04b865afcc4aab16748587e1923"
            ],
            "version": "==0.5.1"
        },
        "wheel": {
            "hashes": [
                "sha256:78b5b185f0e5763c26ca1e324373aadd49182ca90e825f7853f4b2509215dc0e",
                "sha256:e11eefd162658ea59a60a0f6c7d493a7190ea4b9a85e335b33489d9f17e0245e"
            ],
            "index": "pypi",
            "version": "==0.36.2"
        },
        "zipp": {
            "hashes": [
                "sha256:71c644c5369f4a6e07636f0aa966270449561fcea2e3d6747b8d23efaa9d7832",
                "sha256:9fe5ea21568a0a70e50f273397638d39b03353731e6cbbb3fd8502a33fec40bc"
            ],
            "markers": "python_version >= '3.6'",
            "version": "==3.6.0"
        }
    }
}
